
Microsoft Visual Studio Solution File, Format Version 12.00
# Visual Studio Version 16
VisualStudioVersion = 16.0.31005.135
MinimumVisualStudioVersion = 10.0.40219.1
Project("{FAE04EC0-301F-11D3-BF4B-00C04F79EFBC}") = "WebApi", "WebApi\WebApi.csproj", "{289F6B57-82D4-4E7F-B8DB-FB56CF7E1BF4}"
EndProject
Project("{FAE04EC0-301F-11D3-BF4B-00C04F79EFBC}") = "WebVue", "WebVue\WebVue.csproj", "{344BCA0C-D65E-4DB4-AB42-876896E50946}"
EndProject
Global
	GlobalSection(SolutionConfigurationPlatforms) = preSolution
		Debug|Any CPU = Debug|Any CPU
		Release|Any CPU = Release|Any CPU
	EndGlobalSection
	GlobalSection(ProjectConfigurationPlatforms) = postSolution
		{289F6B57-82D4-4E7F-B8DB-FB56CF7E1BF4}.Debug|Any CPU.ActiveCfg = Debug|Any CPU
		{289F6B57-82D4-4E7F-B8DB-FB56CF7E1BF4}.Debug|Any CPU.Build.0 = Debug|Any CPU
		{289F6B57-82D4-4E7F-B8DB-FB56CF7E1BF4}.Release|Any CPU.ActiveCfg = Release|Any CPU
		{289F6B57-82D4-4E7F-B8DB-FB56CF7E1BF4}.Release|Any CPU.Build.0 = Release|Any CPU
		{344BCA0C-D65E-4DB4-AB42-876896E50946}.Debug|Any CPU.ActiveCfg = Debug|Any CPU
		{344BCA0C-D65E-4DB4-AB42-876896E50946}.Debug|Any CPU.Build.0 = Debug|Any CPU
		{344BCA0C-D65E-4DB4-AB42-876896E50946}.Release|Any CPU.ActiveCfg = Release|Any CPU
		{344BCA0C-D65E-4DB4-AB42-876896E50946}.Release|Any CPU.Build.0 = Release|Any CPU
	EndGlobalSection
	GlobalSection(SolutionProperties) = preSolution
		HideSolutionNode = FALSE
	EndGlobalSection
	GlobalSection(ExtensibilityGlobals) = postSolution
		SolutionGuid = {3F545310-0539-434A-BEBF-7248BEA13206}
	EndGlobalSection
EndGlobal
